// !$*UTF8*$!
{
	archiveVersion = 1;
	classes = {
	};
	objectVersion = 56;
	objects = {

/* Begin PBXBuildFile section */
		5940DB582C2FDDB2009BBCFE /* Jokes_appApp.swift in Sources */ = {isa = PBXBuildFile; fileRef = 5940DB572C2FDDB2009BBCFE /* Jokes_appApp.swift */; };
		5940DB5A2C2FDDB2009BBCFE /* ContentView.swift in Sources */ = {isa = PBXBuildFile; fileRef = 5940DB592C2FDDB2009BBCFE /* ContentView.swift */; };
		5940DB5C2C2FDDB3009BBCFE /* Assets.xcassets in Resources */ = {isa = PBXBuildFile; fileRef = 5940DB5B2C2FDDB3009BBCFE /* Assets.xcassets */; };
		5940DB5F2C2FDDB3009BBCFE /* Preview Assets.xcassets in Resources */ = {isa = PBXBuildFile; fileRef = 5940DB5E2C2FDDB3009BBCFE /* Preview Assets.xcassets */; };
		5940DB692C2FDDB4009BBCFE /* Jokes_appTests.swift in Sources */ = {isa = PBXBuildFile; fileRef = 5940DB682C2FDDB4009BBCFE /* Jokes_appTests.swift */; };
		5940DB732C2FDDB4009BBCFE /* Jokes_appUITests.swift in Sources */ = {isa = PBXBuildFile; fileRef = 5940DB722C2FDDB4009BBCFE /* Jokes_appUITests.swift */; };
		5940DB752C2FDDB4009BBCFE /* Jokes_appUITestsLaunchTests.swift in Sources */ = {isa = PBXBuildFile; fileRef = 5940DB742C2FDDB4009BBCFE /* Jokes_appUITestsLaunchTests.swift */; };
/* End PBXBuildFile section */

/* Begin PBXContainerItemProxy section */
		5940DB652C2FDDB4009BBCFE /* PBXContainerItemProxy */ = {
			isa = PBXContainerItemProxy;
			containerPortal = 5940DB4C2C2FDDB1009BBCFE /* Project object */;
			proxyType = 1;
			remoteGlobalIDString = 5940DB532C2FDDB2009BBCFE;
			remoteInfo = "Jokes app";
		};
		5940DB6F2C2FDDB4009BBCFE /* PBXContainerItemProxy */ = {
			isa = PBXContainerItemProxy;
			containerPortal = 5940DB4C2C2FDDB1009BBCFE /* Project object */;
			proxyType = 1;
			remoteGlobalIDString = 5940DB532C2FDDB2009BBCFE;
			remoteInfo = "Jokes app";
		};
/* End PBXContainerItemProxy section */

/* Begin PBXFileReference section */
		5940DB542C2FDDB2009BBCFE /* Jokes app.app */ = {isa = PBXFileReference; explicitFileType = wrapper.application; includeInIndex = 0; path = "Jokes app.app"; sourceTree = BUILT_PRODUCTS_DIR; };
		5940DB572C2FDDB2009BBCFE /* Jokes_appApp.swift */ = {isa = PBXFileReference; lastKnownFileType = sourcecode.swift; path = Jokes_appApp.swift; sourceTree = "<group>"; };
		5940DB592C2FDDB2009BBCFE /* ContentView.swift */ = {isa = PBXFileReference; lastKnownFileType = sourcecode.swift; path = ContentView.swift; sourceTree = "<group>"; };
		5940DB5B2C2FDDB3009BBCFE /* Assets.xcassets */ = {isa = PBXFileReference; lastKnownFileType = folder.assetcatalog; path = Assets.xcassets; sourceTree = "<group>"; };
		5940DB5E2C2FDDB3009BBCFE /* Preview Assets.xcassets */ = {isa = PBXFileReference; lastKnownFileType = folder.assetcatalog; path = "Preview Assets.xcassets"; sourceTree = "<group>"; };
		5940DB642C2FDDB4009BBCFE /* Jokes appTests.xctest */ = {isa = PBXFileReference; explicitFileType = wrapper.cfbundle; includeInIndex = 0; path = "Jokes appTests.xctest"; sourceTree = BUILT_PRODUCTS_DIR; };
		5940DB682C2FDDB4009BBCFE /* Jokes_appTests.swift */ = {isa = PBXFileReference; lastKnownFileType = sourcecode.swift; path = Jokes_appTests.swift; sourceTree = "<group>"; };
		5940DB6E2C2FDDB4009BBCFE /* Jokes appUITests.xctest */ = {isa = PBXFileReference; explicitFileType = wrapper.cfbundle; includeInIndex = 0; path = "Jokes appUITests.xctest"; sourceTree = BUILT_PRODUCTS_DIR; };
		5940DB722C2FDDB4009BBCFE /* Jokes_appUITests.swift */ = {isa = PBXFileReference; lastKnownFileType = sourcecode.swift; path = Jokes_appUITests.swift; sourceTree = "<group>"; };
		5940DB742C2FDDB4009BBCFE /* Jokes_appUITestsLaunchTests.swift */ = {isa = PBXFileReference; lastKnownFileType = sourcecode.swift; path = Jokes_appUITestsLaunchTests.swift; sourceTree = "<group>"; };
/* End PBXFileReference section */

/* Begin PBXFrameworksBuildPhase section */
		5940DB512C2FDDB2009BBCFE /* Frameworks */ = {
			isa = PBXFrameworksBuildPhase;
			buildActionMask = 2147483647;
			files = (
			);
			runOnlyForDeploymentPostprocessing = 0;
		};
		5940DB612C2FDDB4009BBCFE /* Frameworks */ = {
			isa = PBXFrameworksBuildPhase;
			buildActionMask = 2147483647;
			files = (
			);
			runOnlyForDeploymentPostprocessing = 0;
		};
		5940DB6B2C2FDDB4009BBCFE /* Frameworks */ = {
			isa = PBXFrameworksBuildPhase;
			buildActionMask = 2147483647;
			files = (
			);
			runOnlyForDeploymentPostprocessing = 0;
		};
/* End PBXFrameworksBuildPhase section */

/* Begin PBXGroup section */
		5940DB4B2C2FDDB1009BBCFE = {
			isa = PBXGroup;
			children = (
				5940DB562C2FDDB2009BBCFE /* Jokes app */,
				5940DB672C2FDDB4009BBCFE /* Jokes appTests */,
				5940DB712C2FDDB4009BBCFE /* Jokes appUITests */,
				5940DB552C2FDDB2009BBCFE /* Products */,
			);
			sourceTree = "<group>";
		};
		5940DB552C2FDDB2009BBCFE /* Products */ = {
			isa = PBXGroup;
			children = (
				5940DB542C2FDDB2009BBCFE /* Jokes app.app */,
				5940DB642C2FDDB4009BBCFE /* Jokes appTests.xctest */,
				5940DB6E2C2FDDB4009BBCFE /* Jokes appUITests.xctest */,
			);
			name = Products;
			sourceTree = "<group>";
		};
		5940DB562C2FDDB2009BBCFE /* Jokes app */ = {
			isa = PBXGroup;
			children = (
				5940DB572C2FDDB2009BBCFE /* Jokes_appApp.swift */,
				5940DB592C2FDDB2009BBCFE /* ContentView.swift */,
				5940DB5B2C2FDDB3009BBCFE /* Assets.xcassets */,
				5940DB5D2C2FDDB3009BBCFE /* Preview Content */,
			);
			path = "Jokes app";
			sourceTree = "<group>";
		};
		5940DB5D2C2FDDB3009BBCFE /* Preview Content */ = {
			isa = PBXGroup;
			children = (
				5940DB5E2C2FDDB3009BBCFE /* Preview Assets.xcassets */,
			);
			path = "Preview Content";
			sourceTree = "<group>";
		};
		5940DB672C2FDDB4009BBCFE /* Jokes appTests */ = {
			isa = PBXGroup;
			children = (
				5940DB682C2FDDB4009BBCFE /* Jokes_appTests.swift */,
			);
			path = "Jokes appTests";
			sourceTree = "<group>";
		};
		5940DB712C2FDDB4009BBCFE /* Jokes appUITests */ = {
			isa = PBXGroup;
			children = (
				5940DB722C2FDDB4009BBCFE /* Jokes_appUITests.swift */,
				5940DB742C2FDDB4009BBCFE /* Jokes_appUITestsLaunchTests.swift */,
			);
			path = "Jokes appUITests";
			sourceTree = "<group>";
		};
/* End PBXGroup section */

/* Begin PBXNativeTarget section */
		5940DB532C2FDDB2009BBCFE /* Jokes app */ = {
			isa = PBXNativeTarget;
			buildConfigurationList = 5940DB782C2FDDB4009BBCFE /* Build configuration list for PBXNativeTarget "Jokes app" */;
			buildPhases = (
				5940DB502C2FDDB2009BBCFE /* Sources */,
				5940DB512C2FDDB2009BBCFE /* Frameworks */,
				5940DB522C2FDDB2009BBCFE /* Resources */,
			);
			buildRules = (
			);
			dependencies = (
			);
			name = "Jokes app";
			productName = "Jokes app";
			productReference = 5940DB542C2FDDB2009BBCFE /* Jokes app.app */;
			productType = "com.apple.product-type.application";
		};
		5940DB632C2FDDB4009BBCFE /* Jokes appTests */ = {
			isa = PBXNativeTarget;
			buildConfigurationList = 5940DB7B2C2FDDB4009BBCFE /* Build configuration list for PBXNativeTarget "Jokes appTests" */;
			buildPhases = (
				5940DB602C2FDDB4009BBCFE /* Sources */,
				5940DB612C2FDDB4009BBCFE /* Frameworks */,
				5940DB622C2FDDB4009BBCFE /* Resources */,
			);
			buildRules = (
			);
			dependencies = (
				5940DB662C2FDDB4009BBCFE /* PBXTargetDependency */,
			);
			name = "Jokes appTests";
			productName = "Jokes appTests";
			productReference = 5940DB642C2FDDB4009BBCFE /* Jokes appTests.xctest */;
			productType = "com.apple.product-type.bundle.unit-test";
		};
		5940DB6D2C2FDDB4009BBCFE /* Jokes appUITests */ = {
			isa = PBXNativeTarget;
			buildConfigurationList = 5940DB7E2C2FDDB4009BBCFE /* Build configuration list for PBXNativeTarget "Jokes appUITests" */;
			buildPhases = (
				5940DB6A2C2FDDB4009BBCFE /* Sources */,
				5940DB6B2C2FDDB4009BBCFE /* Frameworks */,
				5940DB6C2C2FDDB4009BBCFE /* Resources */,
			);
			buildRules = (
			);
			dependencies = (
				5940DB702C2FDDB4009BBCFE /* PBXTargetDependency */,
			);
			name = "Jokes appUITests";
			productName = "Jokes appUITests";
			productReference = 5940DB6E2C2FDDB4009BBCFE /* Jokes appUITests.xctest */;
			productType = "com.apple.product-type.bundle.ui-testing";
		};
/* End PBXNativeTarget section */

/* Begin PBXProject section */
		5940DB4C2C2FDDB1009BBCFE /* Project object */ = {
			isa = PBXProject;
			attributes = {
				BuildIndependentTargetsInParallel = 1;
				LastSwiftUpdateCheck = 1530;
				LastUpgradeCheck = 1530;
				TargetAttributes = {
					5940DB532C2FDDB2009BBCFE = {
						CreatedOnToolsVersion = 15.3;
					};
					5940DB632C2FDDB4009BBCFE = {
						CreatedOnToolsVersion = 15.3;
						TestTargetID = 5940DB532C2FDDB2009BBCFE;
					};
					5940DB6D2C2FDDB4009BBCFE = {
						CreatedOnToolsVersion = 15.3;
						TestTargetID = 5940DB532C2FDDB2009BBCFE;
					};
				};
			};
			buildConfigurationList = 5940DB4F2C2FDDB1009BBCFE /* Build configuration list for PBXProject "Jokes app" */;
			compatibilityVersion = "Xcode 14.0";
			developmentRegion = en;
			hasScannedForEncodings = 0;
			knownRegions = (
				en,
				Base,
			);
			mainGroup = 5940DB4B2C2FDDB1009BBCFE;
			productRefGroup = 5940DB552C2FDDB2009BBCFE /* Products */;
			projectDirPath = "";
			projectRoot = "";
			targets = (
				5940DB532C2FDDB2009BBCFE /* Jokes app */,
				5940DB632C2FDDB4009BBCFE /* Jokes appTests */,
				5940DB6D2C2FDDB4009BBCFE /* Jokes appUITests */,
			);
		};
/* End PBXProject section */

/* Begin PBXResourcesBuildPhase section */
		5940DB522C2FDDB2009BBCFE /* Resources */ = {
			isa = PBXResourcesBuildPhase;
			buildActionMask = 2147483647;
			files = (
				5940DB5F2C2FDDB3009BBCFE /* Preview Assets.xcassets in Resources */,
				5940DB5C2C2FDDB3009BBCFE /* Assets.xcassets in Resources */,
			);
			runOnlyForDeploymentPostprocessing = 0;
		};
		5940DB622C2FDDB4009BBCFE /* Resources */ = {
			isa = PBXResourcesBuildPhase;
			buildActionMask = 2147483647;
			files = (
			);
			runOnlyForDeploymentPostprocessing = 0;
		};
		5940DB6C2C2FDDB4009BBCFE /* Resources */ = {
			isa = PBXResourcesBuildPhase;
			buildActionMask = 2147483647;
			files = (
			);
			runOnlyForDeploymentPostprocessing = 0;
		};
/* End PBXResourcesBuildPhase section */

/* Begin PBXSourcesBuildPhase section */
		5940DB502C2FDDB2009BBCFE /* Sources */ = {
			isa = PBXSourcesBuildPhase;
			buildActionMask = 2147483647;
			files = (
				5940DB5A2C2FDDB2009BBCFE /* ContentView.swift in Sources */,
				5940DB582C2FDDB2009BBCFE /* Jokes_appApp.swift in Sources */,
			);
			runOnlyForDeploymentPostprocessing = 0;
		};
		5940DB602C2FDDB4009BBCFE /* Sources */ = {
			isa = PBXSourcesBuildPhase;
			buildActionMask = 2147483647;
			files = (
				5940DB692C2FDDB4009BBCFE /* Jokes_appTests.swift in Sources */,
			);
			runOnlyForDeploymentPostprocessing = 0;
		};
		5940DB6A2C2FDDB4009BBCFE /* Sources */ = {
			isa = PBXSourcesBuildPhase;
			buildActionMask = 2147483647;
			files = (
				5940DB732C2FDDB4009BBCFE /* Jokes_appUITests.swift in Sources */,
				5940DB752C2FDDB4009BBCFE /* Jokes_appUITestsLaunchTests.swift in Sources */,
			);
			runOnlyForDeploymentPostprocessing = 0;
		};
/* End PBXSourcesBuildPhase section */

/* Begin PBXTargetDependency section */
		5940DB662C2FDDB4009BBCFE /* PBXTargetDependency */ = {
			isa = PBXTargetDependency;
			target = 5940DB532C2FDDB2009BBCFE /* Jokes app */;
			targetProxy = 5940DB652C2FDDB4009BBCFE /* PBXContainerItemProxy */;
		};
		5940DB702C2FDDB4009BBCFE /* PBXTargetDependency */ = {
			isa = PBXTargetDependency;
			target = 5940DB532C2FDDB2009BBCFE /* Jokes app */;
			targetProxy = 5940DB6F2C2FDDB4009BBCFE /* PBXContainerItemProxy */;
		};
/* End PBXTargetDependency section */

/* Begin XCBuildConfiguration section */
		5940DB762C2FDDB4009BBCFE /* Debug */ = {
			isa = XCBuildConfiguration;
			buildSettings = {
				ALWAYS_SEARCH_USER_PATHS = NO;
				ASSETCATALOG_COMPILER_GENERATE_SWIFT_ASSET_SYMBOL_EXTENSIONS = YES;
				CLANG_ANALYZER_NONNULL = YES;
				CLANG_ANALYZER_NUMBER_OBJECT_CONVERSION = YES_AGGRESSIVE;
				CLANG_CXX_LANGUAGE_STANDARD = "gnu++20";
				CLANG_ENABLE_MODULES = YES;
				CLANG_ENABLE_OBJC_ARC = YES;
				CLANG_ENABLE_OBJC_WEAK = YES;
				CLANG_WARN_BLOCK_CAPTURE_AUTORELEASING = YES;
				CLANG_WARN_BOOL_CONVERSION = YES;
				CLANG_WARN_COMMA = YES;
				CLANG_WARN_CONSTANT_CONVERSION = YES;
				CLANG_WARN_DEPRECATED_OBJC_IMPLEMENTATIONS = YES;
				CLANG_WARN_DIRECT_OBJC_ISA_USAGE = YES_ERROR;
				CLANG_WARN_DOCUMENTATION_COMMENTS = YES;
				CLANG_WARN_EMPTY_BODY = YES;
				CLANG_WARN_ENUM_CONVERSION = YES;
				CLANG_WARN_INFINITE_RECURSION = YES;
				CLANG_WARN_INT_CONVERSION = YES;
				CLANG_WARN_NON_LITERAL_NULL_CONVERSION = YES;
				CLANG_WARN_OBJC_IMPLICIT_RETAIN_SELF = YES;
				CLANG_WARN_OBJC_LITERAL_CONVERSION = YES;
				CLANG_WARN_OBJC_ROOT_CLASS = YES_ERROR;
				CLANG_WARN_QUOTED_INCLUDE_IN_FRAMEWORK_HEADER = YES;
				CLANG_WARN_RANGE_LOOP_ANALYSIS = YES;
				CLANG_WARN_STRICT_PROTOTYPES = YES;
				CLANG_WARN_SUSPICIOUS_MOVE = YES;
				CLANG_WARN_UNGUARDED_AVAILABILITY = YES_AGGRESSIVE;
				CLANG_WARN_UNREACHABLE_CODE = YES;
				CLANG_WARN__DUPLICATE_METHOD_MATCH = YES;
				COPY_PHASE_STRIP = NO;
				DEBUG_INFORMATION_FORMAT = dwarf;
				ENABLE_STRICT_OBJC_MSGSEND = YES;
				ENABLE_TESTABILITY = YES;
				ENABLE_USER_SCRIPT_SANDBOXING = YES;
				GCC_C_LANGUAGE_STANDARD = gnu17;
				GCC_DYNAMIC_NO_PIC = NO;
				GCC_NO_COMMON_BLOCKS = YES;
				GCC_OPTIMIZATION_LEVEL = 0;
				GCC_PREPROCESSOR_DEFINITIONS = (
					"DEBUG=1",
					"$(inherited)",
				);
				GCC_WARN_64_TO_32_BIT_CONVERSION = YES;
				GCC_WARN_ABOUT_RETURN_TYPE = YES_ERROR;
				GCC_WARN_UNDECLARED_SELECTOR = YES;
				GCC_WARN_UNINITIALIZED_AUTOS = YES_AGGRESSIVE;
				GCC_WARN_UNUSED_FUNCTION = YES;
				GCC_WARN_UNUSED_VARIABLE = YES;
				IPHONEOS_DEPLOYMENT_TARGET = 17.4;
				LOCALIZATION_PREFERS_STRING_CATALOGS = YES;
				MTL_ENABLE_DEBUG_INFO = INCLUDE_SOURCE;
				MTL_FAST_MATH = YES;
				ONLY_ACTIVE_ARCH = YES;
				SDKROOT = iphoneos;
				SWIFT_ACTIVE_COMPILATION_CONDITIONS = "DEBUG $(inherited)";
				SWIFT_OPTIMIZATION_LEVEL = "-Onone";
			};
			name = Debug;
		};
		5940DB772C2FDDB4009BBCFE /* Release */ = {
			isa = XCBuildConfiguration;
			buildSettings = {
				ALWAYS_SEARCH_USER_PATHS = NO;
				ASSETCATALOG_COMPILER_GENERATE_SWIFT_ASSET_SYMBOL_EXTENSIONS = YES;
				CLANG_ANALYZER_NONNULL = YES;
				CLANG_ANALYZER_NUMBER_OBJECT_CONVERSION = YES_AGGRESSIVE;
				CLANG_CXX_LANGUAGE_STANDARD = "gnu++20";
				CLANG_ENABLE_MODULES = YES;
				CLANG_ENABLE_OBJC_ARC = YES;
				CLANG_ENABLE_OBJC_WEAK = YES;
				CLANG_WARN_BLOCK_CAPTURE_AUTORELEASING = YES;
				CLANG_WARN_BOOL_CONVERSION = YES;
				CLANG_WARN_COMMA = YES;
				CLANG_WARN_CONSTANT_CONVERSION = YES;
				CLANG_WARN_DEPRECATED_OBJC_IMPLEMENTATIONS = YES;
				CLANG_WARN_DIRECT_OBJC_ISA_USAGE = YES_ERROR;
				CLANG_WARN_DOCUMENTATION_COMMENTS = YES;
				CLANG_WARN_EMPTY_BODY = YES;
				CLANG_WARN_ENUM_CONVERSION = YES;
				CLANG_WARN_INFINITE_RECURSION = YES;
				CLANG_WARN_INT_CONVERSION = YES;
				CLANG_WARN_NON_LITERAL_NULL_CONVERSION = YES;
				CLANG_WARN_OBJC_IMPLICIT_RETAIN_SELF = YES;
				CLANG_WARN_OBJC_LITERAL_CONVERSION = YES;
				CLANG_WARN_OBJC_ROOT_CLASS = YES_ERROR;
				CLANG_WARN_QUOTED_INCLUDE_IN_FRAMEWORK_HEADER = YES;
				CLANG_WARN_RANGE_LOOP_ANALYSIS = YES;
				CLANG_WARN_STRICT_PROTOTYPES = YES;
				CLANG_WARN_SUSPICIOUS_MOVE = YES;
				CLANG_WARN_UNGUARDED_AVAILABILITY = YES_AGGRESSIVE;
				CLANG_WARN_UNREACHABLE_CODE = YES;
				CLANG_WARN__DUPLICATE_METHOD_MATCH = YES;
				COPY_PHASE_STRIP = NO;
				DEBUG_INFORMATION_FORMAT = "dwarf-with-dsym";
				ENABLE_NS_ASSERTIONS = NO;
				ENABLE_STRICT_OBJC_MSGSEND = YES;
				ENABLE_USER_SCRIPT_SANDBOXING = YES;
				GCC_C_LANGUAGE_STANDARD = gnu17;
				GCC_NO_COMMON_BLOCKS = YES;
				GCC_WARN_64_TO_32_BIT_CONVERSION = YES;
				GCC_WARN_ABOUT_RETURN_TYPE = YES_ERROR;
				GCC_WARN_UNDECLARED_SELECTOR = YES;
				GCC_WARN_UNINITIALIZED_AUTOS = YES_AGGRESSIVE;
				GCC_WARN_UNUSED_FUNCTION = YES;
				GCC_WARN_UNUSED_VARIABLE = YES;
				IPHONEOS_DEPLOYMENT_TARGET = 17.4;
				LOCALIZATION_PREFERS_STRING_CATALOGS = YES;
				MTL_ENABLE_DEBUG_INFO = NO;
				MTL_FAST_MATH = YES;
				SDKROOT = iphoneos;
				SWIFT_COMPILATION_MODE = wholemodule;
				VALIDATE_PRODUCT = YES;
			};
			name = Release;
		};
		5940DB792C2FDDB4009BBCFE /* Debug */ = {
			isa = XCBuildConfiguration;
			buildSettings = {
				ASSETCATALOG_COMPILER_APPICON_NAME = AppIcon;
				ASSETCATALOG_COMPILER_GLOBAL_ACCENT_COLOR_NAME = AccentColor;
				CODE_SIGN_STYLE = Automatic;
				CURRENT_PROJECT_VERSION = 1;
				DEVELOPMENT_ASSET_PATHS = "\"Jokes app/Preview Content\"";
				ENABLE_PREVIEWS = YES;
				GENERATE_INFOPLIST_FILE = YES;
				INFOPLIST_KEY_UIApplicationSceneManifest_Generation = YES;
				INFOPLIST_KEY_UIApplicationSupportsIndirectInputEvents = YES;
				INFOPLIST_KEY_UILaunchScreen_Generation = YES;
				INFOPLIST_KEY_UISupportedInterfaceOrientations_iPad = "UIInterfaceOrientationPortrait UIInterfaceOrientationPortraitUpsideDown UIInterfaceOrientationLandscapeLeft UIInterfaceOrientationLandscapeRight";
				INFOPLIST_KEY_UISupportedInterfaceOrientations_iPhone = "UIInterfaceOrientationPortrait UIInterfaceOrientationLandscapeLeft UIInterfaceOrientationLandscapeRight";
				LD_RUNPATH_SEARCH_PATHS = (
					"$(inherited)",
					"@executable_path/Frameworks",
				);
				MARKETING_VERSION = 1.0;
				PRODUCT_BUNDLE_IDENTIFIER = "Regan.Jokes-app";
				PRODUCT_NAME = "$(TARGET_NAME)";
				SWIFT_EMIT_LOC_STRINGS = YES;
				SWIFT_VERSION = 5.0;
				TARGETED_DEVICE_FAMILY = "1,2";
			};
			name = Debug;
		};
		5940DB7A2C2FDDB4009BBCFE /* Release */ = {
			isa = XCBuildConfiguration;
			buildSettings = {
				ASSETCATALOG_COMPILER_APPICON_NAME = AppIcon;
				ASSETCATALOG_COMPILER_GLOBAL_ACCENT_COLOR_NAME = AccentColor;
				CODE_SIGN_STYLE = Automatic;
				CURRENT_PROJECT_VERSION = 1;
				DEVELOPMENT_ASSET_PATHS = "\"Jokes app/Preview Content\"";
				ENABLE_PREVIEWS = YES;
				GENERATE_INFOPLIST_FILE = YES;
				INFOPLIST_KEY_UIApplicationSceneManifest_Generation = YES;
				INFOPLIST_KEY_UIApplicationSupportsIndirectInputEvents = YES;
				INFOPLIST_KEY_UILaunchScreen_Generation = YES;
				INFOPLIST_KEY_UISupportedInterfaceOrientations_iPad = "UIInterfaceOrientationPortrait UIInterfaceOrientationPortraitUpsideDown UIInterfaceOrientationLandscapeLeft UIInterfaceOrientationLandscapeRight";
				INFOPLIST_KEY_UISupportedInterfaceOrientations_iPhone = "UIInterfaceOrientationPortrait UIInterfaceOrientationLandscapeLeft UIInterfaceOrientationLandscapeRight";
				LD_RUNPATH_SEARCH_PATHS = (
					"$(inherited)",
					"@executable_path/Frameworks",
				);
				MARKETING_VERSION = 1.0;
				PRODUCT_BUNDLE_IDENTIFIER = "Regan.Jokes-app";
				PRODUCT_NAME = "$(TARGET_NAME)";
				SWIFT_EMIT_LOC_STRINGS = YES;
				SWIFT_VERSION = 5.0;
				TARGETED_DEVICE_FAMILY = "1,2";
			};
			name = Release;
		};
		5940DB7C2C2FDDB4009BBCFE /* Debug */ = {
			isa = XCBuildConfiguration;
			buildSettings = {
				ALWAYS_EMBED_SWIFT_STANDARD_LIBRARIES = YES;
				BUNDLE_LOADER = "$(TEST_HOST)";
				CODE_SIGN_STYLE = Automatic;
				CURRENT_PROJECT_VERSION = 1;
				GENERATE_INFOPLIST_FILE = YES;
				IPHONEOS_DEPLOYMENT_TARGET = 17.4;
				MARKETING_VERSION = 1.0;
				PRODUCT_BUNDLE_IDENTIFIER = "Regan.Jokes-appTests";
				PRODUCT_NAME = "$(TARGET_NAME)";
				SWIFT_EMIT_LOC_STRINGS = NO;
				SWIFT_VERSION = 5.0;
				TARGETED_DEVICE_FAMILY = "1,2";
				TEST_HOST = "$(BUILT_PRODUCTS_DIR)/Jokes app.app/$(BUNDLE_EXECUTABLE_FOLDER_PATH)/Jokes app";
			};
			name = Debug;
		};
		5940DB7D2C2FDDB4009BBCFE /* Release */ = {
			isa = XCBuildConfiguration;
			buildSettings = {
				ALWAYS_EMBED_SWIFT_STANDARD_LIBRARIES = YES;
				BUNDLE_LOADER = "$(TEST_HOST)";
				CODE_SIGN_STYLE = Automatic;
				CURRENT_PROJECT_VERSION = 1;
				GENERATE_INFOPLIST_FILE = YES;
				IPHONEOS_DEPLOYMENT_TARGET = 17.4;
				MARKETING_VERSION = 1.0;
				PRODUCT_BUNDLE_IDENTIFIER = "Regan.Jokes-appTests";
				PRODUCT_NAME = "$(TARGET_NAME)";
				SWIFT_EMIT_LOC_STRINGS = NO;
				SWIFT_VERSION = 5.0;
				TARGETED_DEVICE_FAMILY = "1,2";
				TEST_HOST = "$(BUILT_PRODUCTS_DIR)/Jokes app.app/$(BUNDLE_EXECUTABLE_FOLDER_PATH)/Jokes app";
			};
			name = Release;
		};
		5940DB7F2C2FDDB4009BBCFE /* Debug */ = {
			isa = XCBuildConfiguration;
			buildSettings = {
				ALWAYS_EMBED_SWIFT_STANDARD_LIBRARIES = YES;
				CODE_SIGN_STYLE = Automatic;
				CURRENT_PROJECT_VERSION = 1;
				GENERATE_INFOPLIST_FILE = YES;
				MARKETING_VERSION = 1.0;
				PRODUCT_BUNDLE_IDENTIFIER = "Regan.Jokes-appUITests";
				PRODUCT_NAME = "$(TARGET_NAME)";
				SWIFT_EMIT_LOC_STRINGS = NO;
				SWIFT_VERSION = 5.0;
				TARGETED_DEVICE_FAMILY = "1,2";
				TEST_TARGET_NAME = "Jokes app";
			};
			name = Debug;
		};
		5940DB802C2FDDB4009BBCFE /* Release */ = {
			isa = XCBuildConfiguration;
			buildSettings = {
				ALWAYS_EMBED_SWIFT_STANDARD_LIBRARIES = YES;
				CODE_SIGN_STYLE = Automatic;
				CURRENT_PROJECT_VERSION = 1;
				GENERATE_INFOPLIST_FILE = YES;
				MARKETING_VERSION = 1.0;
				PRODUCT_BUNDLE_IDENTIFIER = "Regan.Jokes-appUITests";
				PRODUCT_NAME = "$(TARGET_NAME)";
				SWIFT_EMIT_LOC_STRINGS = NO;
				SWIFT_VERSION = 5.0;
				TARGETED_DEVICE_FAMILY = "1,2";
				TEST_TARGET_NAME = "Jokes app";
			};
			name = Release;
		};
/* End XCBuildConfiguration section */

/* Begin XCConfigurationList section */
		5940DB4F2C2FDDB1009BBCFE /* Build configuration list for PBXProject "Jokes app" */ = {
			isa = XCConfigurationList;
			buildConfigurations = (
				5940DB762C2FDDB4009BBCFE /* Debug */,
				5940DB772C2FDDB4009BBCFE /* Release */,
			);
			defaultConfigurationIsVisible = 0;
			defaultConfigurationName = Release;
		};
		5940DB782C2FDDB4009BBCFE /* Build configuration list for PBXNativeTarget "Jokes app" */ = {
			isa = XCConfigurationList;
			buildConfigurations = (
				5940DB792C2FDDB4009BBCFE /* Debug */,
				5940DB7A2C2FDDB4009BBCFE /* Release */,
			);
			defaultConfigurationIsVisible = 0;
			defaultConfigurationName = Release;
		};
		5940DB7B2C2FDDB4009BBCFE /* Build configuration list for PBXNativeTarget "Jokes appTests" */ = {
			isa = XCConfigurationList;
			buildConfigurations = (
				5940DB7C2C2FDDB4009BBCFE /* Debug */,
				5940DB7D2C2FDDB4009BBCFE /* Release */,
			);
			defaultConfigurationIsVisible = 0;
			defaultConfigurationName = Release;
		};
		5940DB7E2C2FDDB4009BBCFE /* Build configuration list for PBXNativeTarget "Jokes appUITests" */ = {
			isa = XCConfigurationList;
			buildConfigurations = (
				5940DB7F2C2FDDB4009BBCFE /* Debug */,
				5940DB802C2FDDB4009BBCFE /* Release */,
			);
			defaultConfigurationIsVisible = 0;
			defaultConfigurationName = Release;
		};
/* End XCConfigurationList section */
	};
	rootObject = 5940DB4C2C2FDDB1009BBCFE /* Project object */;
}
